
Microsoft Visual Studio Solution File, Format Version 12.00
# Visual Studio Version 16
VisualStudioVersion = 16.0.30523.141
MinimumVisualStudioVersion = 10.0.40219.1
Project("{FAE04EC0-301F-11D3-BF4B-00C04F79EFBC}") = "Akamai Version Checker", "Akamai Version Checker\Akamai Version Checker.csproj", "{FC7CC812-AECF-41D8-8AA1-C769C72994AB}"
EndProject
Global
	GlobalSection(SolutionConfigurationPlatforms) = preSolution
		Debug|Any CPU = Debug|Any CPU
		Release|Any CPU = Release|Any CPU
	EndGlobalSection
	GlobalSection(ProjectConfigurationPlatforms) = postSolution
		{FC7CC812-AECF-41D8-8AA1-C769C72994AB}.Debug|Any CPU.ActiveCfg = Debug|Any CPU
		{FC7CC812-AECF-41D8-8AA1-C769C72994AB}.Debug|Any CPU.Build.0 = Debug|Any CPU
		{FC7CC812-AECF-41D8-8AA1-C769C72994AB}.Release|Any CPU.ActiveCfg = Release|Any CPU
		{FC7CC812-AECF-41D8-8AA1-C769C72994AB}.Release|Any CPU.Build.0 = Release|Any CPU
	EndGlobalSection
	GlobalSection(SolutionProperties) = preSolution
		HideSolutionNode = FALSE
	EndGlobalSection
	GlobalSection(ExtensibilityGlobals) = postSolution
		SolutionGuid = {DD444FE5-6E2E-445C-AFF5-A453B11B43FB}
	EndGlobalSection
EndGlobal
